PODS:
  - CatalogByConvention (2.0.0)
  - MaterialMotionCoreAnimation (2.0.0):
    - MaterialMotionRuntime (~> 6.0)
  - MaterialMotionRuntime (6.0.0)
  - MaterialMotionTransitions (1.0.0):
    - MaterialMotionRuntime (~> 6.0)

DEPENDENCIES:
  - CatalogByConvention
  - MaterialMotionCoreAnimation
  - MaterialMotionRuntime
  - MaterialMotionTransitions (from `./`)

EXTERNAL SOURCES:
  MaterialMotionTransitions:
    :path: "./"

SPEC CHECKSUMS:
  CatalogByConvention: be55c2263132e4f9f59299ac8a528ee8715b3275
  MaterialMotionCoreAnimation: fc8f32e641c242a7ff40e78248b238f3954c5e75
  MaterialMotionRuntime: 89cb395df1ce02134fc67a16b42dc4492b6c514c
  MaterialMotionTransitions: 18647b8c74fb4699908820a10ff05a2179c6d6e5

PODFILE CHECKSUM: be9694498ab4f4e479041d74ca92be5e104d0aaf

COCOAPODS: 1.1.1
