PODS:
  - CatalogByConvention (2.0.0)
  - MaterialMotionCoreAnimation (2.0.0):
    - MaterialMotionRuntime (~> 6.0)
  - MaterialMotionDirectManipulation (1.1.0):
    - MaterialMotionRuntime (< 7.0, >= 5.0)
  - MaterialMotionPop (2.1.0):
    - MaterialMotionRuntime (< 7.0, >= 4.0)
    - pop (~> 1.0)
  - MaterialMotionRuntime (6.0.1)
  - MaterialMotionTransitions/examples (1.1.0):
    - MaterialMotionCoreAnimation
    - MaterialMotionDirectManipulation
    - MaterialMotionPop
    - MaterialMotionRuntime (~> 6.0)
    - MaterialMotionTransitions/lib
  - MaterialMotionTransitions/lib (1.1.0):
    - MaterialMotionRuntime (~> 6.0)
  - MaterialMotionTransitions/tests (1.1.0):
    - MaterialMotionRuntime (~> 6.0)
    - MaterialMotionTransitions/lib
  - pop (1.0.9)

DEPENDENCIES:
  - CatalogByConvention
  - MaterialMotionTransitions/examples (from `./`)
  - MaterialMotionTransitions/tests (from `./`)

EXTERNAL SOURCES:
  MaterialMotionTransitions:
    :path: "./"

SPEC CHECKSUMS:
  CatalogByConvention: be55c2263132e4f9f59299ac8a528ee8715b3275
  MaterialMotionCoreAnimation: fc8f32e641c242a7ff40e78248b238f3954c5e75
  MaterialMotionDirectManipulation: 2e63834e3f2f4a1e8c8506aa137771e7cccc1034
  MaterialMotionPop: ce476b4915ad774fedfd1c51a259cede61a0c495
  MaterialMotionRuntime: 1c99a092ffc82d0cfd4e69cc353bd0f69314920d
  MaterialMotionTransitions: a824374d3a95c00820751fdfac2b46b81a0292c0
  pop: f667631a5108a2e60d9e8797c9b32ddaf2080bce

PODFILE CHECKSUM: da8a5eae1ff36366d0c8f7f596ae50972c453710

COCOAPODS: 1.1.1
